
Microsoft Visual Studio Solution File, Format Version 12.00
# Visual Studio Version 16
VisualStudioVersion = 16.0.31410.357
MinimumVisualStudioVersion = 10.0.40219.1
Project("{FAE04EC0-301F-11D3-BF4B-00C04F79EFBC}") = "Demo", "Demo.csproj", "{A61004B5-7BCB-480C-841D-45AE7F19A42B}"
EndProject
Global
	GlobalSection(SolutionConfigurationPlatforms) = preSolution
		Debug|Any CPU = Debug|Any CPU
		Release|Any CPU = Release|Any CPU
	EndGlobalSection
	GlobalSection(ProjectConfigurationPlatforms) = postSolution
		{A61004B5-7BCB-480C-841D-45AE7F19A42B}.Debug|Any CPU.ActiveCfg = Debug|Any CPU
		{A61004B5-7BCB-480C-841D-45AE7F19A42B}.Debug|Any CPU.Build.0 = Debug|Any CPU
		{A61004B5-7BCB-480C-841D-45AE7F19A42B}.Release|Any CPU.ActiveCfg = Release|Any CPU
		{A61004B5-7BCB-480C-841D-45AE7F19A42B}.Release|Any CPU.Build.0 = Release|Any CPU
	EndGlobalSection
	GlobalSection(SolutionProperties) = preSolution
		HideSolutionNode = FALSE
	EndGlobalSection
	GlobalSection(ExtensibilityGlobals) = postSolution
		SolutionGuid = {075C6A61-385D-4BBF-917C-092019319151}
	EndGlobalSection
EndGlobal
